
Microsoft Visual Studio Solution File, Format Version 12.00
# Visual Studio 15
VisualStudioVersion = 15.0.28307.271
MinimumVisualStudioVersion = 10.0.40219.1
Project("{FAE04EC0-301F-11D3-BF4B-00C04F79EFBC}") = "loca.Android", "loca\loca.Android\loca.Android.csproj", "{E655E64D-C746-4ED0-B5EF-4E9BCFAD852C}"
EndProject
Project("{FAE04EC0-301F-11D3-BF4B-00C04F79EFBC}") = "loca.iOS", "loca\loca.iOS\loca.iOS.csproj", "{FC79A22E-E934-4113-AB75-E0209535D669}"
EndProject
Project("{FAE04EC0-301F-11D3-BF4B-00C04F79EFBC}") = "loca.UWP", "loca\loca.UWP\loca.UWP.csproj", "{18A11525-70F1-4BF2-9587-89C964EBC53B}"
EndProject
Project("{FAE04EC0-301F-11D3-BF4B-00C04F79EFBC}") = "loca", "loca\loca\loca.csproj", "{680027FC-682E-43F2-A2FE-2E40B7A8788A}"
EndProject
Global
	GlobalSection(SolutionConfigurationPlatforms) = preSolution
		Ad-Hoc|Any CPU = Ad-Hoc|Any CPU
		Ad-Hoc|ARM = Ad-Hoc|ARM
		Ad-Hoc|iPhone = Ad-Hoc|iPhone
		Ad-Hoc|iPhoneSimulator = Ad-Hoc|iPhoneSimulator
		Ad-Hoc|x64 = Ad-Hoc|x64
		Ad-Hoc|x86 = Ad-Hoc|x86
		AppStore|Any CPU = AppStore|Any CPU
		AppStore|ARM = AppStore|ARM
		AppStore|iPhone = AppStore|iPhone
		AppStore|iPhoneSimulator = AppStore|iPhoneSimulator
		AppStore|x64 = AppStore|x64
		AppStore|x86 = AppStore|x86
		Debug|Any CPU = Debug|Any CPU
		Debug|ARM = Debug|ARM
		Debug|iPhone = Debug|iPhone
		Debug|iPhoneSimulator = Debug|iPhoneSimulator
		Debug|x64 = Debug|x64
		Debug|x86 = Debug|x86
		Release|Any CPU = Release|Any CPU
		Release|ARM = Release|ARM
		Release|iPhone = Release|iPhone
		Release|iPhoneSimulator = Release|iPhoneSimulator
		Release|x64 = Release|x64
		Release|x86 = Release|x86
	EndGlobalSection
	GlobalSection(ProjectConfigurationPlatforms) = postSolution
		{E655E64D-C746-4ED0-B5EF-4E9BCFAD852C}.Ad-Hoc|Any CPU.ActiveCfg = Release|Any CPU
		{E655E64D-C746-4ED0-B5EF-4E9BCFAD852C}.Ad-Hoc|Any CPU.Build.0 = Release|Any CPU
		{E655E64D-C746-4ED0-B5EF-4E9BCFAD852C}.Ad-Hoc|Any CPU.Deploy.0 = Release|Any CPU
		{E655E64D-C746-4ED0-B5EF-4E9BCFAD852C}.Ad-Hoc|ARM.ActiveCfg = Release|Any CPU
		{E655E64D-C746-4ED0-B5EF-4E9BCFAD852C}.Ad-Hoc|ARM.Build.0 = Release|Any CPU
		{E655E64D-C746-4ED0-B5EF-4E9BCFAD852C}.Ad-Hoc|ARM.Deploy.0 = Release|Any CPU
		{E655E64D-C746-4ED0-B5EF-4E9BCFAD852C}.Ad-Hoc|iPhone.ActiveCfg = Release|Any CPU
		{E655E64D-C746-4ED0-B5EF-4E9BCFAD852C}.Ad-Hoc|iPhone.Build.0 = Release|Any CPU
		{E655E64D-C746-4ED0-B5EF-4E9BCFAD852C}.Ad-Hoc|iPhone.Deploy.0 = Release|Any CPU
		{E655E64D-C746-4ED0-B5EF-4E9BCFAD852C}.Ad-Hoc|iPhoneSimulator.ActiveCfg = Release|Any CPU
		{E655E64D-C746-4ED0-B5EF-4E9BCFAD852C}.Ad-Hoc|iPhoneSimulator.Build.0 = Release|Any CPU
		{E655E64D-C746-4ED0-B5EF-4E9BCFAD852C}.Ad-Hoc|iPhoneSimulator.Deploy.0 = Release|Any CPU
		{E655E64D-C746-4ED0-B5EF-4E9BCFAD852C}.Ad-Hoc|x64.ActiveCfg = Release|Any CPU
		{E655E64D-C746-4ED0-B5EF-4E9BCFAD852C}.Ad-Hoc|x64.Build.0 = Release|Any CPU
		{E655E64D-C746-4ED0-B5EF-4E9BCFAD852C}.Ad-Hoc|x64.Deploy.0 = Release|Any CPU
		{E655E64D-C746-4ED0-B5EF-4E9BCFAD852C}.Ad-Hoc|x86.ActiveCfg = Release|Any CPU
		{E655E64D-C746-4ED0-B5EF-4E9BCFAD852C}.Ad-Hoc|x86.Build.0 = Release|Any CPU
		{E655E64D-C746-4ED0-B5EF-4E9BCFAD852C}.Ad-Hoc|x86.Deploy.0 = Release|Any CPU
		{E655E64D-C746-4ED0-B5EF-4E9BCFAD852C}.AppStore|Any CPU.ActiveCfg = Release|Any CPU
		{E655E64D-C746-4ED0-B5EF-4E9BCFAD852C}.AppStore|Any CPU.Build.0 = Release|Any CPU
		{E655E64D-C746-4ED0-B5EF-4E9BCFAD852C}.AppStore|Any CPU.Deploy.0 = Release|Any CPU
		{E655E64D-C746-4ED0-B5EF-4E9BCFAD852C}.AppStore|ARM.ActiveCfg = Release|Any CPU
		{E655E64D-C746-4ED0-B5EF-4E9BCFAD852C}.AppStore|ARM.Build.0 = Release|Any CPU
		{E655E64D-C746-4ED0-B5EF-4E9BCFAD852C}.AppStore|ARM.Deploy.0 = Release|Any CPU
		{E655E64D-C746-4ED0-B5EF-4E9BCFAD852C}.AppStore|iPhone.ActiveCfg = Release|Any CPU
		{E655E64D-C746-4ED0-B5EF-4E9BCFAD852C}.AppStore|iPhone.Build.0 = Release|Any CPU
		{E655E64D-C746-4ED0-B5EF-4E9BCFAD852C}.AppStore|iPhone.Deploy.0 = Release|Any CPU
		{E655E64D-C746-4ED0-B5EF-4E9BCFAD852C}.AppStore|iPhoneSimulator.ActiveCfg = Release|Any CPU
		{E655E64D-C746-4ED0-B5EF-4E9BCFAD852C}.AppStore|iPhoneSimulator.Build.0 = Release|Any CPU
		{E655E64D-C746-4ED0-B5EF-4E9BCFAD852C}.AppStore|iPhoneSimulator.Deploy.0 = Release|Any CPU
		{E655E64D-C746-4ED0-B5EF-4E9BCFAD852C}.AppStore|x64.ActiveCfg = Release|Any CPU
		{E655E64D-C746-4ED0-B5EF-4E9BCFAD852C}.AppStore|x64.Build.0 = Release|Any CPU
		{E655E64D-C746-4ED0-B5EF-4E9BCFAD852C}.AppStore|x64.Deploy.0 = Release|Any CPU
		{E655E64D-C746-4ED0-B5EF-4E9BCFAD852C}.AppStore|x86.ActiveCfg = Release|Any CPU
		{E655E64D-C746-4ED0-B5EF-4E9BCFAD852C}.AppStore|x86.Build.0 = Release|Any CPU
		{E655E64D-C746-4ED0-B5EF-4E9BCFAD852C}.AppStore|x86.Deploy.0 = Release|Any CPU
		{E655E64D-C746-4ED0-B5EF-4E9BCFAD852C}.Debug|Any CPU.ActiveCfg = Debug|Any CPU
		{E655E64D-C746-4ED0-B5EF-4E9BCFAD852C}.Debug|Any CPU.Build.0 = Debug|Any CPU
		{E655E64D-C746-4ED0-B5EF-4E9BCFAD852C}.Debug|Any CPU.Deploy.0 = Debug|Any CPU
		{E655E64D-C746-4ED0-B5EF-4E9BCFAD852C}.Debug|ARM.ActiveCfg = Debug|Any CPU
		{E655E64D-C746-4ED0-B5EF-4E9BCFAD852C}.Debug|ARM.Build.0 = Debug|Any CPU
		{E655E64D-C746-4ED0-B5EF-4E9BCFAD852C}.Debug|ARM.Deploy.0 = Debug|Any CPU
		{E655E64D-C746-4ED0-B5EF-4E9BCFAD852C}.Debug|iPhone.ActiveCfg = Debug|Any CPU
		{E655E64D-C746-4ED0-B5EF-4E9BCFAD852C}.Debug|iPhone.Build.0 = Debug|Any CPU
		{E655E64D-C746-4ED0-B5EF-4E9BCFAD852C}.Debug|iPhone.Deploy.0 = Debug|Any CPU
		{E655E64D-C746-4ED0-B5EF-4E9BCFAD852C}.Debug|iPhoneSimulator.ActiveCfg = Debug|Any CPU
		{E655E64D-C746-4ED0-B5EF-4E9BCFAD852C}.Debug|iPhoneSimulator.Build.0 = Debug|Any CPU
		{E655E64D-C746-4ED0-B5EF-4E9BCFAD852C}.Debug|iPhoneSimulator.Deploy.0 = Debug|Any CPU
		{E655E64D-C746-4ED0-B5EF-4E9BCFAD852C}.Debug|x64.ActiveCfg = Debug|Any CPU
		{E655E64D-C746-4ED0-B5EF-4E9BCFAD852C}.Debug|x64.Build.0 = Debug|Any CPU
		{E655E64D-C746-4ED0-B5EF-4E9BCFAD852C}.Debug|x64.Deploy.0 = Debug|Any CPU
		{E655E64D-C746-4ED0-B5EF-4E9BCFAD852C}.Debug|x86.ActiveCfg = Debug|Any CPU
		{E655E64D-C746-4ED0-B5EF-4E9BCFAD852C}.Debug|x86.Build.0 = Debug|Any CPU
		{E655E64D-C746-4ED0-B5EF-4E9BCFAD852C}.Debug|x86.Deploy.0 = Debug|Any CPU
		{E655E64D-C746-4ED0-B5EF-4E9BCFAD852C}.Release|Any CPU.ActiveCfg = Release|Any CPU
		{E655E64D-C746-4ED0-B5EF-4E9BCFAD852C}.Release|Any CPU.Build.0 = Release|Any CPU
		{E655E64D-C746-4ED0-B5EF-4E9BCFAD852C}.Release|Any CPU.Deploy.0 = Release|Any CPU
		{E655E64D-C746-4ED0-B5EF-4E9BCFAD852C}.Release|ARM.ActiveCfg = Release|Any CPU
		{E655E64D-C746-4ED0-B5EF-4E9BCFAD852C}.Release|ARM.Build.0 = Release|Any CPU
		{E655E64D-C746-4ED0-B5EF-4E9BCFAD852C}.Release|ARM.Deploy.0 = Release|Any CPU
		{E655E64D-C746-4ED0-B5EF-4E9BCFAD852C}.Release|iPhone.ActiveCfg = Release|Any CPU
		{E655E64D-C746-4ED0-B5EF-4E9BCFAD852C}.Release|iPhone.Build.0 = Release|Any CPU
		{E655E64D-C746-4ED0-B5EF-4E9BCFAD852C}.Release|iPhone.Deploy.0 = Release|Any CPU
		{E655E64D-C746-4ED0-B5EF-4E9BCFAD852C}.Release|iPhoneSimulator.ActiveCfg = Release|Any CPU
		{E655E64D-C746-4ED0-B5EF-4E9BCFAD852C}.Release|iPhoneSimulator.Build.0 = Release|Any CPU
		{E655E64D-C746-4ED0-B5EF-4E9BCFAD852C}.Release|iPhoneSimulator.Deploy.0 = Release|Any CPU
		{E655E64D-C746-4ED0-B5EF-4E9BCFAD852C}.Release|x64.ActiveCfg = Release|Any CPU
		{E655E64D-C746-4ED0-B5EF-4E9BCFAD852C}.Release|x64.Build.0 = Release|Any CPU
		{E655E64D-C746-4ED0-B5EF-4E9BCFAD852C}.Release|x64.Deploy.0 = Release|Any CPU
		{E655E64D-C746-4ED0-B5EF-4E9BCFAD852C}.Release|x86.ActiveCfg = Release|Any CPU
		{E655E64D-C746-4ED0-B5EF-4E9BCFAD852C}.Release|x86.Build.0 = Release|Any CPU
		{E655E64D-C746-4ED0-B5EF-4E9BCFAD852C}.Release|x86.Deploy.0 = Release|Any CPU
		{FC79A22E-E934-4113-AB75-E0209535D669}.Ad-Hoc|Any CPU.ActiveCfg = Ad-Hoc|iPhone
		{FC79A22E-E934-4113-AB75-E0209535D669}.Ad-Hoc|Any CPU.Build.0 = Ad-Hoc|iPhone
		{FC79A22E-E934-4113-AB75-E0209535D669}.Ad-Hoc|Any CPU.Deploy.0 = Ad-Hoc|iPhone
		{FC79A22E-E934-4113-AB75-E0209535D669}.Ad-Hoc|ARM.ActiveCfg = Ad-Hoc|iPhone
		{FC79A22E-E934-4113-AB75-E0209535D669}.Ad-Hoc|ARM.Build.0 = Ad-Hoc|iPhone
		{FC79A22E-E934-4113-AB75-E0209535D669}.Ad-Hoc|ARM.Deploy.0 = Ad-Hoc|iPhone
		{FC79A22E-E934-4113-AB75-E0209535D669}.Ad-Hoc|iPhone.ActiveCfg = Ad-Hoc|iPhone
		{FC79A22E-E934-4113-AB75-E0209535D669}.Ad-Hoc|iPhone.Build.0 = Ad-Hoc|iPhone
		{FC79A22E-E934-4113-AB75-E0209535D669}.Ad-Hoc|iPhone.Deploy.0 = Ad-Hoc|iPhone
		{FC79A22E-E934-4113-AB75-E0209535D669}.Ad-Hoc|iPhoneSimulator.ActiveCfg = Ad-Hoc|iPhoneSimulator
		{FC79A22E-E934-4113-AB75-E0209535D669}.Ad-Hoc|iPhoneSimulator.Build.0 = Ad-Hoc|iPhoneSimulator
		{FC79A22E-E934-4113-AB75-E0209535D669}.Ad-Hoc|iPhoneSimulator.Deploy.0 = Ad-Hoc|iPhoneSimulator
		{FC79A22E-E934-4113-AB75-E0209535D669}.Ad-Hoc|x64.ActiveCfg = Ad-Hoc|iPhone
		{FC79A22E-E934-4113-AB75-E0209535D669}.Ad-Hoc|x64.Build.0 = Ad-Hoc|iPhone
		{FC79A22E-E934-4113-AB75-E0209535D669}.Ad-Hoc|x64.Deploy.0 = Ad-Hoc|iPhone
		{FC79A22E-E934-4113-AB75-E0209535D669}.Ad-Hoc|x86.ActiveCfg = Ad-Hoc|iPhone
		{FC79A22E-E934-4113-AB75-E0209535D669}.Ad-Hoc|x86.Build.0 = Ad-Hoc|iPhone
		{FC79A22E-E934-4113-AB75-E0209535D669}.Ad-Hoc|x86.Deploy.0 = Ad-Hoc|iPhone
		{FC79A22E-E934-4113-AB75-E0209535D669}.AppStore|Any CPU.ActiveCfg = AppStore|iPhone
		{FC79A22E-E934-4113-AB75-E0209535D669}.AppStore|Any CPU.Build.0 = AppStore|iPhone
		{FC79A22E-E934-4113-AB75-E0209535D669}.AppStore|Any CPU.Deploy.0 = AppStore|iPhone
		{FC79A22E-E934-4113-AB75-E0209535D669}.AppStore|ARM.ActiveCfg = AppStore|iPhone
		{FC79A22E-E934-4113-AB75-E0209535D669}.AppStore|ARM.Build.0 = AppStore|iPhone
		{FC79A22E-E934-4113-AB75-E0209535D669}.AppStore|ARM.Deploy.0 = AppStore|iPhone
		{FC79A22E-E934-4113-AB75-E0209535D669}.AppStore|iPhone.ActiveCfg = AppStore|iPhone
		{FC79A22E-E934-4113-AB75-E0209535D669}.AppStore|iPhone.Build.0 = AppStore|iPhone
		{FC79A22E-E934-4113-AB75-E0209535D669}.AppStore|iPhone.Deploy.0 = AppStore|iPhone
		{FC79A22E-E934-4113-AB75-E0209535D669}.AppStore|iPhoneSimulator.ActiveCfg = AppStore|iPhoneSimulator
		{FC79A22E-E934-4113-AB75-E0209535D669}.AppStore|iPhoneSimulator.Build.0 = AppStore|iPhoneSimulator
		{FC79A22E-E934-4113-AB75-E0209535D669}.AppStore|iPhoneSimulator.Deploy.0 = AppStore|iPhoneSimulator
		{FC79A22E-E934-4113-AB75-E0209535D669}.AppStore|x64.ActiveCfg = AppStore|iPhone
		{FC79A22E-E934-4113-AB75-E0209535D669}.AppStore|x64.Build.0 = AppStore|iPhone
		{FC79A22E-E934-4113-AB75-E0209535D669}.AppStore|x64.Deploy.0 = AppStore|iPhone
		{FC79A22E-E934-4113-AB75-E0209535D669}.AppStore|x86.ActiveCfg = AppStore|iPhone
		{FC79A22E-E934-4113-AB75-E0209535D669}.AppStore|x86.Build.0 = AppStore|iPhone
		{FC79A22E-E934-4113-AB75-E0209535D669}.AppStore|x86.Deploy.0 = AppStore|iPhone
		{FC79A22E-E934-4113-AB75-E0209535D669}.Debug|Any CPU.ActiveCfg = Debug|iPhoneSimulator
		{FC79A22E-E934-4113-AB75-E0209535D669}.Debug|Any CPU.Build.0 = Debug|iPhoneSimulator
		{FC79A22E-E934-4113-AB75-E0209535D669}.Debug|Any CPU.Deploy.0 = Debug|iPhoneSimulator
		{FC79A22E-E934-4113-AB75-E0209535D669}.Debug|ARM.ActiveCfg = Debug|iPhone
		{FC79A22E-E934-4113-AB75-E0209535D669}.Debug|ARM.Build.0 = Debug|iPhone
		{FC79A22E-E934-4113-AB75-E0209535D669}.Debug|ARM.Deploy.0 = Debug|iPhone
		{FC79A22E-E934-4113-AB75-E0209535D669}.Debug|iPhone.ActiveCfg = Debug|iPhone
		{FC79A22E-E934-4113-AB75-E0209535D669}.Debug|iPhone.Build.0 = Debug|iPhone
		{FC79A22E-E934-4113-AB75-E0209535D669}.Debug|iPhone.Deploy.0 = Debug|iPhone
		{FC79A22E-E934-4113-AB75-E0209535D669}.Debug|iPhoneSimulator.ActiveCfg = Debug|iPhoneSimulator
		{FC79A22E-E934-4113-AB75-E0209535D669}.Debug|iPhoneSimulator.Build.0 = Debug|iPhoneSimulator
		{FC79A22E-E934-4113-AB75-E0209535D669}.Debug|iPhoneSimulator.Deploy.0 = Debug|iPhoneSimulator
		{FC79A22E-E934-4113-AB75-E0209535D669}.Debug|x64.ActiveCfg = Debug|iPhone
		{FC79A22E-E934-4113-AB75-E0209535D669}.Debug|x64.Build.0 = Debug|iPhone
		{FC79A22E-E934-4113-AB75-E0209535D669}.Debug|x64.Deploy.0 = Debug|iPhone
		{FC79A22E-E934-4113-AB75-E0209535D669}.Debug|x86.ActiveCfg = Debug|iPhone
		{FC79A22E-E934-4113-AB75-E0209535D669}.Debug|x86.Build.0 = Debug|iPhone
		{FC79A22E-E934-4113-AB75-E0209535D669}.Debug|x86.Deploy.0 = Debug|iPhone
		{FC79A22E-E934-4113-AB75-E0209535D669}.Release|Any CPU.ActiveCfg = Release|iPhone
		{FC79A22E-E934-4113-AB75-E0209535D669}.Release|Any CPU.Build.0 = Release|iPhone
		{FC79A22E-E934-4113-AB75-E0209535D669}.Release|Any CPU.Deploy.0 = Release|iPhone
		{FC79A22E-E934-4113-AB75-E0209535D669}.Release|ARM.ActiveCfg = Release|iPhone
		{FC79A22E-E934-4113-AB75-E0209535D669}.Release|ARM.Build.0 = Release|iPhone
		{FC79A22E-E934-4113-AB75-E0209535D669}.Release|ARM.Deploy.0 = Release|iPhone
		{FC79A22E-E934-4113-AB75-E0209535D669}.Release|iPhone.ActiveCfg = Release|iPhone
		{FC79A22E-E934-4113-AB75-E0209535D669}.Release|iPhone.Build.0 = Release|iPhone
		{FC79A22E-E934-4113-AB75-E0209535D669}.Release|iPhone.Deploy.0 = Release|iPhone
		{FC79A22E-E934-4113-AB75-E0209535D669}.Release|iPhoneSimulator.ActiveCfg = Release|iPhoneSimulator
		{FC79A22E-E934-4113-AB75-E0209535D669}.Release|iPhoneSimulator.Build.0 = Release|iPhoneSimulator
		{FC79A22E-E934-4113-AB75-E0209535D669}.Release|iPhoneSimulator.Deploy.0 = Release|iPhoneSimulator
		{FC79A22E-E934-4113-AB75-E0209535D669}.Release|x64.ActiveCfg = Release|iPhone
		{FC79A22E-E934-4113-AB75-E0209535D669}.Release|x64.Build.0 = Release|iPhone
		{FC79A22E-E934-4113-AB75-E0209535D669}.Release|x64.Deploy.0 = Release|iPhone
		{FC79A22E-E934-4113-AB75-E0209535D669}.Release|x86.ActiveCfg = Release|iPhone
		{FC79A22E-E934-4113-AB75-E0209535D669}.Release|x86.Build.0 = Release|iPhone
		{FC79A22E-E934-4113-AB75-E0209535D669}.Release|x86.Deploy.0 = Release|iPhone
		{18A11525-70F1-4BF2-9587-89C964EBC53B}.Ad-Hoc|Any CPU.ActiveCfg = Release|x86
		{18A11525-70F1-4BF2-9587-89C964EBC53B}.Ad-Hoc|Any CPU.Build.0 = Release|x86
		{18A11525-70F1-4BF2-9587-89C964EBC53B}.Ad-Hoc|Any CPU.Deploy.0 = Release|x86
		{18A11525-70F1-4BF2-9587-89C964EBC53B}.Ad-Hoc|ARM.ActiveCfg = Release|ARM
		{18A11525-70F1-4BF2-9587-89C964EBC53B}.Ad-Hoc|ARM.Build.0 = Release|ARM
		{18A11525-70F1-4BF2-9587-89C964EBC53B}.Ad-Hoc|ARM.Deploy.0 = Release|ARM
		{18A11525-70F1-4BF2-9587-89C964EBC53B}.Ad-Hoc|iPhone.ActiveCfg = Release|x86
		{18A11525-70F1-4BF2-9587-89C964EBC53B}.Ad-Hoc|iPhone.Build.0 = Release|x86
		{18A11525-70F1-4BF2-9587-89C964EBC53B}.Ad-Hoc|iPhone.Deploy.0 = Release|x86
		{18A11525-70F1-4BF2-9587-89C964EBC53B}.Ad-Hoc|iPhoneSimulator.ActiveCfg = Release|x86
		{18A11525-70F1-4BF2-9587-89C964EBC53B}.Ad-Hoc|iPhoneSimulator.Build.0 = Release|x86
		{18A11525-70F1-4BF2-9587-89C964EBC53B}.Ad-Hoc|iPhoneSimulator.Deploy.0 = Release|x86
		{18A11525-70F1-4BF2-9587-89C964EBC53B}.Ad-Hoc|x64.ActiveCfg = Release|x64
		{18A11525-70F1-4BF2-9587-89C964EBC53B}.Ad-Hoc|x64.Build.0 = Release|x64
		{18A11525-70F1-4BF2-9587-89C964EBC53B}.Ad-Hoc|x64.Deploy.0 = Release|x64
		{18A11525-70F1-4BF2-9587-89C964EBC53B}.Ad-Hoc|x86.ActiveCfg = Release|x86
		{18A11525-70F1-4BF2-9587-89C964EBC53B}.Ad-Hoc|x86.Build.0 = Release|x86
		{18A11525-70F1-4BF2-9587-89C964EBC53B}.Ad-Hoc|x86.Deploy.0 = Release|x86
		{18A11525-70F1-4BF2-9587-89C964EBC53B}.AppStore|Any CPU.ActiveCfg = Release|x86
		{18A11525-70F1-4BF2-9587-89C964EBC53B}.AppStore|Any CPU.Build.0 = Release|x86
		{18A11525-70F1-4BF2-9587-89C964EBC53B}.AppStore|Any CPU.Deploy.0 = Release|x86
		{18A11525-70F1-4BF2-9587-89C964EBC53B}.AppStore|ARM.ActiveCfg = Release|ARM
		{18A11525-70F1-4BF2-9587-89C964EBC53B}.AppStore|ARM.Build.0 = Release|ARM
		{18A11525-70F1-4BF2-9587-89C964EBC53B}.AppStore|ARM.Deploy.0 = Release|ARM
		{18A11525-70F1-4BF2-9587-89C964EBC53B}.AppStore|iPhone.ActiveCfg = Release|x86
		{18A11525-70F1-4BF2-9587-89C964EBC53B}.AppStore|iPhone.Build.0 = Release|x86
		{18A11525-70F1-4BF2-9587-89C964EBC53B}.AppStore|iPhone.Deploy.0 = Release|x86
		{18A11525-70F1-4BF2-9587-89C964EBC53B}.AppStore|iPhoneSimulator.ActiveCfg = Release|x86
		{18A11525-70F1-4BF2-9587-89C964EBC53B}.AppStore|iPhoneSimulator.Build.0 = Release|x86
		{18A11525-70F1-4BF2-9587-89C964EBC53B}.AppStore|iPhoneSimulator.Deploy.0 = Release|x86
		{18A11525-70F1-4BF2-9587-89C964EBC53B}.AppStore|x64.ActiveCfg = Release|x64
		{18A11525-70F1-4BF2-9587-89C964EBC53B}.AppStore|x64.Build.0 = Release|x64
		{18A11525-70F1-4BF2-9587-89C964EBC53B}.AppStore|x64.Deploy.0 = Release|x64
		{18A11525-70F1-4BF2-9587-89C964EBC53B}.AppStore|x86.ActiveCfg = Release|x86
		{18A11525-70F1-4BF2-9587-89C964EBC53B}.AppStore|x86.Build.0 = Release|x86
		{18A11525-70F1-4BF2-9587-89C964EBC53B}.AppStore|x86.Deploy.0 = Release|x86
		{18A11525-70F1-4BF2-9587-89C964EBC53B}.Debug|Any CPU.ActiveCfg = Debug|x86
		{18A11525-70F1-4BF2-9587-89C964EBC53B}.Debug|Any CPU.Build.0 = Debug|x86
		{18A11525-70F1-4BF2-9587-89C964EBC53B}.Debug|Any CPU.Deploy.0 = Debug|x86
		{18A11525-70F1-4BF2-9587-89C964EBC53B}.Debug|ARM.ActiveCfg = Debug|ARM
		{18A11525-70F1-4BF2-9587-89C964EBC53B}.Debug|ARM.Build.0 = Debug|ARM
		{18A11525-70F1-4BF2-9587-89C964EBC53B}.Debug|ARM.Deploy.0 = Debug|ARM
		{18A11525-70F1-4BF2-9587-89C964EBC53B}.Debug|iPhone.ActiveCfg = Debug|x86
		{18A11525-70F1-4BF2-9587-89C964EBC53B}.Debug|iPhone.Build.0 = Debug|x86
		{18A11525-70F1-4BF2-9587-89C964EBC53B}.Debug|iPhone.Deploy.0 = Debug|x86
		{18A11525-70F1-4BF2-9587-89C964EBC53B}.Debug|iPhoneSimulator.ActiveCfg = Debug|x86
		{18A11525-70F1-4BF2-9587-89C964EBC53B}.Debug|iPhoneSimulator.Build.0 = Debug|x86
		{18A11525-70F1-4BF2-9587-89C964EBC53B}.Debug|iPhoneSimulator.Deploy.0 = Debug|x86
		{18A11525-70F1-4BF2-9587-89C964EBC53B}.Debug|x64.ActiveCfg = Debug|x64
		{18A11525-70F1-4BF2-9587-89C964EBC53B}.Debug|x64.Build.0 = Debug|x64
		{18A11525-70F1-4BF2-9587-89C964EBC53B}.Debug|x64.Deploy.0 = Debug|x64
		{18A11525-70F1-4BF2-9587-89C964EBC53B}.Debug|x86.ActiveCfg = Debug|x86
		{18A11525-70F1-4BF2-9587-89C964EBC53B}.Debug|x86.Build.0 = Debug|x86
		{18A11525-70F1-4BF2-9587-89C964EBC53B}.Debug|x86.Deploy.0 = Debug|x86
		{18A11525-70F1-4BF2-9587-89C964EBC53B}.Release|Any CPU.ActiveCfg = Release|x86
		{18A11525-70F1-4BF2-9587-89C964EBC53B}.Release|Any CPU.Build.0 = Release|x86
		{18A11525-70F1-4BF2-9587-89C964EBC53B}.Release|Any CPU.Deploy.0 = Release|x86
		{18A11525-70F1-4BF2-9587-89C964EBC53B}.Release|ARM.ActiveCfg = Release|ARM
		{18A11525-70F1-4BF2-9587-89C964EBC53B}.Release|ARM.Build.0 = Release|ARM
		{18A11525-70F1-4BF2-9587-89C964EBC53B}.Release|ARM.Deploy.0 = Release|ARM
		{18A11525-70F1-4BF2-9587-89C964EBC53B}.Release|iPhone.ActiveCfg = Release|x86
		{18A11525-70F1-4BF2-9587-89C964EBC53B}.Release|iPhone.Build.0 = Release|x86
		{18A11525-70F1-4BF2-9587-89C964EBC53B}.Release|iPhone.Deploy.0 = Release|x86
		{18A11525-70F1-4BF2-9587-89C964EBC53B}.Release|iPhoneSimulator.ActiveCfg = Release|x86
		{18A11525-70F1-4BF2-9587-89C964EBC53B}.Release|iPhoneSimulator.Build.0 = Release|x86
		{18A11525-70F1-4BF2-9587-89C964EBC53B}.Release|iPhoneSimulator.Deploy.0 = Release|x86
		{18A11525-70F1-4BF2-9587-89C964EBC53B}.Release|x64.ActiveCfg = Release|x64
		{18A11525-70F1-4BF2-9587-89C964EBC53B}.Release|x64.Build.0 = Release|x64
		{18A11525-70F1-4BF2-9587-89C964EBC53B}.Release|x64.Deploy.0 = Release|x64
		{18A11525-70F1-4BF2-9587-89C964EBC53B}.Release|x86.ActiveCfg = Release|x86
		{18A11525-70F1-4BF2-9587-89C964EBC53B}.Release|x86.Build.0 = Release|x86
		{18A11525-70F1-4BF2-9587-89C964EBC53B}.Release|x86.Deploy.0 = Release|x86
		{680027FC-682E-43F2-A2FE-2E40B7A8788A}.Ad-Hoc|Any CPU.ActiveCfg = Debug|Any CPU
		{680027FC-682E-43F2-A2FE-2E40B7A8788A}.Ad-Hoc|Any CPU.Build.0 = Debug|Any CPU
		{680027FC-682E-43F2-A2FE-2E40B7A8788A}.Ad-Hoc|Any CPU.Deploy.0 = Debug|Any CPU
		{680027FC-682E-43F2-A2FE-2E40B7A8788A}.Ad-Hoc|ARM.ActiveCfg = Debug|Any CPU
		{680027FC-682E-43F2-A2FE-2E40B7A8788A}.Ad-Hoc|ARM.Build.0 = Debug|Any CPU
		{680027FC-682E-43F2-A2FE-2E40B7A8788A}.Ad-Hoc|ARM.Deploy.0 = Debug|Any CPU
		{680027FC-682E-43F2-A2FE-2E40B7A8788A}.Ad-Hoc|iPhone.ActiveCfg = Debug|Any CPU
		{680027FC-682E-43F2-A2FE-2E40B7A8788A}.Ad-Hoc|iPhone.Build.0 = Debug|Any CPU
		{680027FC-682E-43F2-A2FE-2E40B7A8788A}.Ad-Hoc|iPhone.Deploy.0 = Debug|Any CPU
		{680027FC-682E-43F2-A2FE-2E40B7A8788A}.Ad-Hoc|iPhoneSimulator.ActiveCfg = Debug|Any CPU
		{680027FC-682E-43F2-A2FE-2E40B7A8788A}.Ad-Hoc|iPhoneSimulator.Build.0 = Debug|Any CPU
		{680027FC-682E-43F2-A2FE-2E40B7A8788A}.Ad-Hoc|iPhoneSimulator.Deploy.0 = Debug|Any CPU
		{680027FC-682E-43F2-A2FE-2E40B7A8788A}.Ad-Hoc|x64.ActiveCfg = Debug|Any CPU
		{680027FC-682E-43F2-A2FE-2E40B7A8788A}.Ad-Hoc|x64.Build.0 = Debug|Any CPU
		{680027FC-682E-43F2-A2FE-2E40B7A8788A}.Ad-Hoc|x64.Deploy.0 = Debug|Any CPU
		{680027FC-682E-43F2-A2FE-2E40B7A8788A}.Ad-Hoc|x86.ActiveCfg = Debug|Any CPU
		{680027FC-682E-43F2-A2FE-2E40B7A8788A}.Ad-Hoc|x86.Build.0 = Debug|Any CPU
		{680027FC-682E-43F2-A2FE-2E40B7A8788A}.Ad-Hoc|x86.Deploy.0 = Debug|Any CPU
		{680027FC-682E-43F2-A2FE-2E40B7A8788A}.AppStore|Any CPU.ActiveCfg = Debug|Any CPU
		{680027FC-682E-43F2-A2FE-2E40B7A8788A}.AppStore|Any CPU.Build.0 = Debug|Any CPU
		{680027FC-682E-43F2-A2FE-2E40B7A8788A}.AppStore|Any CPU.Deploy.0 = Debug|Any CPU
		{680027FC-682E-43F2-A2FE-2E40B7A8788A}.AppStore|ARM.ActiveCfg = Debug|Any CPU
		{680027FC-682E-43F2-A2FE-2E40B7A8788A}.AppStore|ARM.Build.0 = Debug|Any CPU
		{680027FC-682E-43F2-A2FE-2E40B7A8788A}.AppStore|ARM.Deploy.0 = Debug|Any CPU
		{680027FC-682E-43F2-A2FE-2E40B7A8788A}.AppStore|iPhone.ActiveCfg = Debug|Any CPU
		{680027FC-682E-43F2-A2FE-2E40B7A8788A}.AppStore|iPhone.Build.0 = Debug|Any CPU
		{680027FC-682E-43F2-A2FE-2E40B7A8788A}.AppStore|iPhone.Deploy.0 = Debug|Any CPU
		{680027FC-682E-43F2-A2FE-2E40B7A8788A}.AppStore|iPhoneSimulator.ActiveCfg = Debug|Any CPU
		{680027FC-682E-43F2-A2FE-2E40B7A8788A}.AppStore|iPhoneSimulator.Build.0 = Debug|Any CPU
		{680027FC-682E-43F2-A2FE-2E40B7A8788A}.AppStore|iPhoneSimulator.Deploy.0 = Debug|Any CPU
		{680027FC-682E-43F2-A2FE-2E40B7A8788A}.AppStore|x64.ActiveCfg = Debug|Any CPU
		{680027FC-682E-43F2-A2FE-2E40B7A8788A}.AppStore|x64.Build.0 = Debug|Any CPU
		{680027FC-682E-43F2-A2FE-2E40B7A8788A}.AppStore|x64.Deploy.0 = Debug|Any CPU
		{680027FC-682E-43F2-A2FE-2E40B7A8788A}.AppStore|x86.ActiveCfg = Debug|Any CPU
		{680027FC-682E-43F2-A2FE-2E40B7A8788A}.AppStore|x86.Build.0 = Debug|Any CPU
		{680027FC-682E-43F2-A2FE-2E40B7A8788A}.AppStore|x86.Deploy.0 = Debug|Any CPU
		{680027FC-682E-43F2-A2FE-2E40B7A8788A}.Debug|Any CPU.ActiveCfg = Debug|Any CPU
		{680027FC-682E-43F2-A2FE-2E40B7A8788A}.Debug|Any CPU.Build.0 = Debug|Any CPU
		{680027FC-682E-43F2-A2FE-2E40B7A8788A}.Debug|Any CPU.Deploy.0 = Debug|Any CPU
		{680027FC-682E-43F2-A2FE-2E40B7A8788A}.Debug|ARM.ActiveCfg = Debug|Any CPU
		{680027FC-682E-43F2-A2FE-2E40B7A8788A}.Debug|ARM.Build.0 = Debug|Any CPU
		{680027FC-682E-43F2-A2FE-2E40B7A8788A}.Debug|ARM.Deploy.0 = Debug|Any CPU
		{680027FC-682E-43F2-A2FE-2E40B7A8788A}.Debug|iPhone.ActiveCfg = Debug|Any CPU
		{680027FC-682E-43F2-A2FE-2E40B7A8788A}.Debug|iPhone.Build.0 = Debug|Any CPU
		{680027FC-682E-43F2-A2FE-2E40B7A8788A}.Debug|iPhone.Deploy.0 = Debug|Any CPU
		{680027FC-682E-43F2-A2FE-2E40B7A8788A}.Debug|iPhoneSimulator.ActiveCfg = Debug|Any CPU
		{680027FC-682E-43F2-A2FE-2E40B7A8788A}.Debug|iPhoneSimulator.Build.0 = Debug|Any CPU
		{680027FC-682E-43F2-A2FE-2E40B7A8788A}.Debug|iPhoneSimulator.Deploy.0 = Debug|Any CPU
		{680027FC-682E-43F2-A2FE-2E40B7A8788A}.Debug|x64.ActiveCfg = Debug|Any CPU
		{680027FC-682E-43F2-A2FE-2E40B7A8788A}.Debug|x64.Build.0 = Debug|Any CPU
		{680027FC-682E-43F2-A2FE-2E40B7A8788A}.Debug|x64.Deploy.0 = Debug|Any CPU
		{680027FC-682E-43F2-A2FE-2E40B7A8788A}.Debug|x86.ActiveCfg = Debug|Any CPU
		{680027FC-682E-43F2-A2FE-2E40B7A8788A}.Debug|x86.Build.0 = Debug|Any CPU
		{680027FC-682E-43F2-A2FE-2E40B7A8788A}.Debug|x86.Deploy.0 = Debug|Any CPU
		{680027FC-682E-43F2-A2FE-2E40B7A8788A}.Release|Any CPU.ActiveCfg = Release|Any CPU
		{680027FC-682E-43F2-A2FE-2E40B7A8788A}.Release|Any CPU.Build.0 = Release|Any CPU
		{680027FC-682E-43F2-A2FE-2E40B7A8788A}.Release|Any CPU.Deploy.0 = Release|Any CPU
		{680027FC-682E-43F2-A2FE-2E40B7A8788A}.Release|ARM.ActiveCfg = Release|Any CPU
		{680027FC-682E-43F2-A2FE-2E40B7A8788A}.Release|ARM.Build.0 = Release|Any CPU
		{680027FC-682E-43F2-A2FE-2E40B7A8788A}.Release|ARM.Deploy.0 = Release|Any CPU
		{680027FC-682E-43F2-A2FE-2E40B7A8788A}.Release|iPhone.ActiveCfg = Release|Any CPU
		{680027FC-682E-43F2-A2FE-2E40B7A8788A}.Release|iPhone.Build.0 = Release|Any CPU
		{680027FC-682E-43F2-A2FE-2E40B7A8788A}.Release|iPhone.Deploy.0 = Release|Any CPU
		{680027FC-682E-43F2-A2FE-2E40B7A8788A}.Release|iPhoneSimulator.ActiveCfg = Release|Any CPU
		{680027FC-682E-43F2-A2FE-2E40B7A8788A}.Release|iPhoneSimulator.Build.0 = Release|Any CPU
		{680027FC-682E-43F2-A2FE-2E40B7A8788A}.Release|iPhoneSimulator.Deploy.0 = Release|Any CPU
		{680027FC-682E-43F2-A2FE-2E40B7A8788A}.Release|x64.ActiveCfg = Release|Any CPU
		{680027FC-682E-43F2-A2FE-2E40B7A8788A}.Release|x64.Build.0 = Release|Any CPU
		{680027FC-682E-43F2-A2FE-2E40B7A8788A}.Release|x64.Deploy.0 = Release|Any CPU
		{680027FC-682E-43F2-A2FE-2E40B7A8788A}.Release|x86.ActiveCfg = Release|Any CPU
		{680027FC-682E-43F2-A2FE-2E40B7A8788A}.Release|x86.Build.0 = Release|Any CPU
		{680027FC-682E-43F2-A2FE-2E40B7A8788A}.Release|x86.Deploy.0 = Release|Any CPU
	EndGlobalSection
	GlobalSection(SolutionProperties) = preSolution
		HideSolutionNode = FALSE
	EndGlobalSection
	GlobalSection(ExtensibilityGlobals) = postSolution
		SolutionGuid = {3EC1A47B-6F9D-431B-8983-B242E4E2ACE2}
	EndGlobalSection
EndGlobal
